// !$*UTF8*$!
{
	archiveVersion = 1;
	classes = {
	};
	objectVersion = 55;
	objects = {

/* Begin PBXBuildFile section */
		003B1FFA277990F20034A505 /* AppDelegate.swift in Sources */ = {isa = PBXBuildFile; fileRef = 003B1FF9277990F20034A505 /* AppDelegate.swift */; };
		003B1FFC277990F20034A505 /* SceneDelegate.swift in Sources */ = {isa = PBXBuildFile; fileRef = 003B1FFB277990F20034A505 /* SceneDelegate.swift */; };
		003B1FFE277990F20034A505 /* LoginViewController.swift in Sources */ = {isa = PBXBuildFile; fileRef = 003B1FFD277990F20034A505 /* LoginViewController.swift */; };
		003B2001277990F20034A505 /* Main.storyboard in Resources */ = {isa = PBXBuildFile; fileRef = 003B1FFF277990F20034A505 /* Main.storyboard */; };
		003B2006277990F40034A505 /* Assets.xcassets in Resources */ = {isa = PBXBuildFile; fileRef = 003B2005277990F40034A505 /* Assets.xcassets */; };
		003B2009277990F40034A505 /* LaunchScreen.storyboard in Resources */ = {isa = PBXBuildFile; fileRef = 003B2007277990F40034A505 /* LaunchScreen.storyboard */; };
		003B201327799B6B0034A505 /* GoogleService-Info.plist in Resources */ = {isa = PBXBuildFile; fileRef = 003B201227799B6B0034A505 /* GoogleService-Info.plist */; };
		006C3BD9277C3D000035E20F /* FCollectionRefrence.swift in Sources */ = {isa = PBXBuildFile; fileRef = 006C3BD8277C3D000035E20F /* FCollectionRefrence.swift */; };
		006C3BDB277C45080035E20F /* FirebaseUserListner.swift in Sources */ = {isa = PBXBuildFile; fileRef = 006C3BDA277C45080035E20F /* FirebaseUserListner.swift */; };
		007533EF277B372D00873ADE /* User.swift in Sources */ = {isa = PBXBuildFile; fileRef = 007533EE277B372D00873ADE /* User.swift */; };
		007533F1277B3A4F00873ADE /* Constants.swift in Sources */ = {isa = PBXBuildFile; fileRef = 007533F0277B3A4F00873ADE /* Constants.swift */; };
		FED784721BBA9CD19940987A /* Pods_sowhat.framework in Frameworks */ = {isa = PBXBuildFile; fileRef = A535575FD097F29F44E32DEB /* Pods_sowhat.framework */; };
/* End PBXBuildFile section */

/* Begin PBXFileReference section */
		003B1FF6277990F20034A505 /* sowhat.app */ = {isa = PBXFileReference; explicitFileType = wrapper.application; includeInIndex = 0; path = sowhat.app; sourceTree = BUILT_PRODUCTS_DIR; };
		003B1FF9277990F20034A505 /* AppDelegate.swift */ = {isa = PBXFileReference; lastKnownFileType = sourcecode.swift; path = AppDelegate.swift; sourceTree = "<group>"; };
		003B1FFB277990F20034A505 /* SceneDelegate.swift */ = {isa = PBXFileReference; lastKnownFileType = sourcecode.swift; path = SceneDelegate.swift; sourceTree = "<group>"; };
		003B1FFD277990F20034A505 /* LoginViewController.swift */ = {isa = PBXFileReference; lastKnownFileType = sourcecode.swift; path = LoginViewController.swift; sourceTree = "<group>"; };
		003B2000277990F20034A505 /* Base */ = {isa = PBXFileReference; lastKnownFileType = file.storyboard; name = Base; path = Base.lproj/Main.storyboard; sourceTree = "<group>"; };
		003B2005277990F40034A505 /* Assets.xcassets */ = {isa = PBXFileReference; lastKnownFileType = folder.assetcatalog; path = Assets.xcassets; sourceTree = "<group>"; };
		003B2008277990F40034A505 /* Base */ = {isa = PBXFileReference; lastKnownFileType = file.storyboard; name = Base; path = Base.lproj/LaunchScreen.storyboard; sourceTree = "<group>"; };
		003B200A277990F40034A505 /* Info.plist */ = {isa = PBXFileReference; lastKnownFileType = text.plist.xml; path = Info.plist; sourceTree = "<group>"; };
		003B201227799B6B0034A505 /* GoogleService-Info.plist */ = {isa = PBXFileReference; fileEncoding = 4; lastKnownFileType = text.plist.xml; path = "GoogleService-Info.plist"; sourceTree = "<group>"; };
		006C3BD8277C3D000035E20F /* FCollectionRefrence.swift */ = {isa = PBXFileReference; lastKnownFileType = sourcecode.swift; path = FCollectionRefrence.swift; sourceTree = "<group>"; };
		006C3BDA277C45080035E20F /* FirebaseUserListner.swift */ = {isa = PBXFileReference; lastKnownFileType = sourcecode.swift; path = FirebaseUserListner.swift; sourceTree = "<group>"; };
		007533EE277B372D00873ADE /* User.swift */ = {isa = PBXFileReference; lastKnownFileType = sourcecode.swift; path = User.swift; sourceTree = "<group>"; };
		007533F0277B3A4F00873ADE /* Constants.swift */ = {isa = PBXFileReference; lastKnownFileType = sourcecode.swift; path = Constants.swift; sourceTree = "<group>"; };
		581DDE996AABCF086B42673E /* Pods-sowhat.release.xcconfig */ = {isa = PBXFileReference; includeInIndex = 1; lastKnownFileType = text.xcconfig; name = "Pods-sowhat.release.xcconfig"; path = "Target Support Files/Pods-sowhat/Pods-sowhat.release.xcconfig"; sourceTree = "<group>"; };
		8B4D429182F65E36A8484B32 /* Pods-sowhat.debug.xcconfig */ = {isa = PBXFileReference; includeInIndex = 1; lastKnownFileType = text.xcconfig; name = "Pods-sowhat.debug.xcconfig"; path = "Target Support Files/Pods-sowhat/Pods-sowhat.debug.xcconfig"; sourceTree = "<group>"; };
		A535575FD097F29F44E32DEB /* Pods_sowhat.framework */ = {isa = PBXFileReference; explicitFileType = wrapper.framework; includeInIndex = 0; path = Pods_sowhat.framework; sourceTree = BUILT_PRODUCTS_DIR; };
/* End PBXFileReference section */

/* Begin PBXFrameworksBuildPhase section */
		003B1FF3277990F20034A505 /* Frameworks */ = {
			isa = PBXFrameworksBuildPhase;
			buildActionMask = 2147483647;
			files = (
				FED784721BBA9CD19940987A /* Pods_sowhat.framework in Frameworks */,
			);
			runOnlyForDeploymentPostprocessing = 0;
		};
/* End PBXFrameworksBuildPhase section */

/* Begin PBXGroup section */
		003B1FED277990F20034A505 = {
			isa = PBXGroup;
			children = (
				003B1FF8277990F20034A505 /* sowhat */,
				003B1FF7277990F20034A505 /* Products */,
				606F405C3C11B4E8347019B1 /* Pods */,
				FDA5EDE6081A4D43FAB07369 /* Frameworks */,
			);
			sourceTree = "<group>";
		};
		003B1FF7277990F20034A505 /* Products */ = {
			isa = PBXGroup;
			children = (
				003B1FF6277990F20034A505 /* sowhat.app */,
			);
			name = Products;
			sourceTree = "<group>";
		};
		003B1FF8277990F20034A505 /* sowhat */ = {
			isa = PBXGroup;
			children = (
				003B1FF9277990F20034A505 /* AppDelegate.swift */,
				003B1FFB277990F20034A505 /* SceneDelegate.swift */,
				003B1FFD277990F20034A505 /* LoginViewController.swift */,
				006C3BD7277C3CEA0035E20F /* FirebaseHelpers */,
				006C3BD6277C3C560035E20F /* Constants */,
				007533ED277B371000873ADE /* Model */,
				003B1FFF277990F20034A505 /* Main.storyboard */,
				003B2005277990F40034A505 /* Assets.xcassets */,
				003B2007277990F40034A505 /* LaunchScreen.storyboard */,
				003B200A277990F40034A505 /* Info.plist */,
				003B201227799B6B0034A505 /* GoogleService-Info.plist */,
			);
			path = sowhat;
			sourceTree = "<group>";
		};
		006C3BD6277C3C560035E20F /* Constants */ = {
			isa = PBXGroup;
			children = (
				007533F0277B3A4F00873ADE /* Constants.swift */,
			);
			path = Constants;
			sourceTree = "<group>";
		};
		006C3BD7277C3CEA0035E20F /* FirebaseHelpers */ = {
			isa = PBXGroup;
			children = (
				006C3BD8277C3D000035E20F /* FCollectionRefrence.swift */,
				006C3BDA277C45080035E20F /* FirebaseUserListner.swift */,
			);
			path = FirebaseHelpers;
			sourceTree = "<group>";
		};
		007533ED277B371000873ADE /* Model */ = {
			isa = PBXGroup;
			children = (
				007533EE277B372D00873ADE /* User.swift */,
			);
			path = Model;
			sourceTree = "<group>";
		};
		606F405C3C11B4E8347019B1 /* Pods */ = {
			isa = PBXGroup;
			children = (
				8B4D429182F65E36A8484B32 /* Pods-sowhat.debug.xcconfig */,
				581DDE996AABCF086B42673E /* Pods-sowhat.release.xcconfig */,
			);
			path = Pods;
			sourceTree = "<group>";
		};
		FDA5EDE6081A4D43FAB07369 /* Frameworks */ = {
			isa = PBXGroup;
			children = (
				A535575FD097F29F44E32DEB /* Pods_sowhat.framework */,
			);
			name = Frameworks;
			sourceTree = "<group>";
		};
/* End PBXGroup section */

/* Begin PBXNativeTarget section */
		003B1FF5277990F20034A505 /* sowhat */ = {
			isa = PBXNativeTarget;
			buildConfigurationList = 003B200D277990F40034A505 /* Build configuration list for PBXNativeTarget "sowhat" */;
			buildPhases = (
				5DCA94D2727D1CF4F8132C94 /* [CP] Check Pods Manifest.lock */,
				003B1FF2277990F20034A505 /* Sources */,
				003B1FF3277990F20034A505 /* Frameworks */,
				003B1FF4277990F20034A505 /* Resources */,
				B039CB96CC7E151724D913C9 /* [CP] Embed Pods Frameworks */,
			);
			buildRules = (
			);
			dependencies = (
			);
			name = sowhat;
			productName = sowhat;
			productReference = 003B1FF6277990F20034A505 /* sowhat.app */;
			productType = "com.apple.product-type.application";
		};
/* End PBXNativeTarget section */

/* Begin PBXProject section */
		003B1FEE277990F20034A505 /* Project object */ = {
			isa = PBXProject;
			attributes = {
				BuildIndependentTargetsInParallel = 1;
				LastSwiftUpdateCheck = 1320;
				LastUpgradeCheck = 1320;
				TargetAttributes = {
					003B1FF5277990F20034A505 = {
						CreatedOnToolsVersion = 13.2.1;
					};
				};
			};
			buildConfigurationList = 003B1FF1277990F20034A505 /* Build configuration list for PBXProject "sowhat" */;
			compatibilityVersion = "Xcode 13.0";
			developmentRegion = en;
			hasScannedForEncodings = 0;
			knownRegions = (
				en,
				Base,
			);
			mainGroup = 003B1FED277990F20034A505;
			productRefGroup = 003B1FF7277990F20034A505 /* Products */;
			projectDirPath = "";
			projectRoot = "";
			targets = (
				003B1FF5277990F20034A505 /* sowhat */,
			);
		};
/* End PBXProject section */

/* Begin PBXResourcesBuildPhase section */
		003B1FF4277990F20034A505 /* Resources */ = {
			isa = PBXResourcesBuildPhase;
			buildActionMask = 2147483647;
			files = (
				003B2009277990F40034A505 /* LaunchScreen.storyboard in Resources */,
				003B2006277990F40034A505 /* Assets.xcassets in Resources */,
				003B2001277990F20034A505 /* Main.storyboard in Resources */,
				003B201327799B6B0034A505 /* GoogleService-Info.plist in Resources */,
			);
			runOnlyForDeploymentPostprocessing = 0;
		};
/* End PBXResourcesBuildPhase section */

/* Begin PBXShellScriptBuildPhase section */
		5DCA94D2727D1CF4F8132C94 /* [CP] Check Pods Manifest.lock */ = {
			isa = PBXShellScriptBuildPhase;
			buildActionMask = 2147483647;
			files = (
			);
			inputFileListPaths = (
			);
			inputPaths = (
				"${PODS_PODFILE_DIR_PATH}/Podfile.lock",
				"${PODS_ROOT}/Manifest.lock",
			);
			name = "[CP] Check Pods Manifest.lock";
			outputFileListPaths = (
			);
			outputPaths = (
				"$(DERIVED_FILE_DIR)/Pods-sowhat-checkManifestLockResult.txt",
			);
			runOnlyForDeploymentPostprocessing = 0;
			shellPath = /bin/sh;
			shellScript = "diff \"${PODS_PODFILE_DIR_PATH}/Podfile.lock\" \"${PODS_ROOT}/Manifest.lock\" > /dev/null\nif [ $? != 0 ] ; then\n    # print error to STDERR\n    echo \"error: The sandbox is not in sync with the Podfile.lock. Run 'pod install' or update your CocoaPods installation.\" >&2\n    exit 1\nfi\n# This output is used by Xcode 'outputs' to avoid re-running this script phase.\necho \"SUCCESS\" > \"${SCRIPT_OUTPUT_FILE_0}\"\n";
			showEnvVarsInLog = 0;
		};
		B039CB96CC7E151724D913C9 /* [CP] Embed Pods Frameworks */ = {
			isa = PBXShellScriptBuildPhase;
			buildActionMask = 2147483647;
			files = (
			);
			inputFileListPaths = (
				"${PODS_ROOT}/Target Support Files/Pods-sowhat/Pods-sowhat-frameworks-${CONFIGURATION}-input-files.xcfilelist",
			);
			name = "[CP] Embed Pods Frameworks";
			outputFileListPaths = (
				"${PODS_ROOT}/Target Support Files/Pods-sowhat/Pods-sowhat-frameworks-${CONFIGURATION}-output-files.xcfilelist",
			);
			runOnlyForDeploymentPostprocessing = 0;
			shellPath = /bin/sh;
			shellScript = "\"${PODS_ROOT}/Target Support Files/Pods-sowhat/Pods-sowhat-frameworks.sh\"\n";
			showEnvVarsInLog = 0;
		};
/* End PBXShellScriptBuildPhase section */

/* Begin PBXSourcesBuildPhase section */
		003B1FF2277990F20034A505 /* Sources */ = {
			isa = PBXSourcesBuildPhase;
			buildActionMask = 2147483647;
			files = (
				006C3BD9277C3D000035E20F /* FCollectionRefrence.swift in Sources */,
				007533F1277B3A4F00873ADE /* Constants.swift in Sources */,
				007533EF277B372D00873ADE /* User.swift in Sources */,
				006C3BDB277C45080035E20F /* FirebaseUserListner.swift in Sources */,
				003B1FFE277990F20034A505 /* LoginViewController.swift in Sources */,
				003B1FFA277990F20034A505 /* AppDelegate.swift in Sources */,
				003B1FFC277990F20034A505 /* SceneDelegate.swift in Sources */,
			);
			runOnlyForDeploymentPostprocessing = 0;
		};
/* End PBXSourcesBuildPhase section */

/* Begin PBXVariantGroup section */
		003B1FFF277990F20034A505 /* Main.storyboard */ = {
			isa = PBXVariantGroup;
			children = (
				003B2000277990F20034A505 /* Base */,
			);
			name = Main.storyboard;
			sourceTree = "<group>";
		};
		003B2007277990F40034A505 /* LaunchScreen.storyboard */ = {
			isa = PBXVariantGroup;
			children = (
				003B2008277990F40034A505 /* Base */,
			);
			name = LaunchScreen.storyboard;
			sourceTree = "<group>";
		};
/* End PBXVariantGroup section */

/* Begin XCBuildConfiguration section */
		003B200B277990F40034A505 /* Debug */ = {
			isa = XCBuildConfiguration;
			buildSettings = {
				ALWAYS_SEARCH_USER_PATHS = NO;
				CLANG_ANALYZER_NONNULL = YES;
				CLANG_ANALYZER_NUMBER_OBJECT_CONVERSION = YES_AGGRESSIVE;
				CLANG_CXX_LANGUAGE_STANDARD = "gnu++17";
				CLANG_CXX_LIBRARY = "libc++";
				CLANG_ENABLE_MODULES = YES;
				CLANG_ENABLE_OBJC_ARC = YES;
				CLANG_ENABLE_OBJC_WEAK = YES;
				CLANG_WARN_BLOCK_CAPTURE_AUTORELEASING = YES;
				CLANG_WARN_BOOL_CONVERSION = YES;
				CLANG_WARN_COMMA = YES;
				CLANG_WARN_CONSTANT_CONVERSION = YES;
				CLANG_WARN_DEPRECATED_OBJC_IMPLEMENTATIONS = YES;
				CLANG_WARN_DIRECT_OBJC_ISA_USAGE = YES_ERROR;
				CLANG_WARN_DOCUMENTATION_COMMENTS = YES;
				CLANG_WARN_EMPTY_BODY = YES;
				CLANG_WARN_ENUM_CONVERSION = YES;
				CLANG_WARN_INFINITE_RECURSION = YES;
				CLANG_WARN_INT_CONVERSION = YES;
				CLANG_WARN_NON_LITERAL_NULL_CONVERSION = YES;
				CLANG_WARN_OBJC_IMPLICIT_RETAIN_SELF = YES;
				CLANG_WARN_OBJC_LITERAL_CONVERSION = YES;
				CLANG_WARN_OBJC_ROOT_CLASS = YES_ERROR;
				CLANG_WARN_QUOTED_INCLUDE_IN_FRAMEWORK_HEADER = YES;
				CLANG_WARN_RANGE_LOOP_ANALYSIS = YES;
				CLANG_WARN_STRICT_PROTOTYPES = YES;
				CLANG_WARN_SUSPICIOUS_MOVE = YES;
				CLANG_WARN_UNGUARDED_AVAILABILITY = YES_AGGRESSIVE;
				CLANG_WARN_UNREACHABLE_CODE = YES;
				CLANG_WARN__DUPLICATE_METHOD_MATCH = YES;
				COPY_PHASE_STRIP = NO;
				DEBUG_INFORMATION_FORMAT = dwarf;
				ENABLE_STRICT_OBJC_MSGSEND = YES;
				ENABLE_TESTABILITY = YES;
				GCC_C_LANGUAGE_STANDARD = gnu11;
				GCC_DYNAMIC_NO_PIC = NO;
				GCC_NO_COMMON_BLOCKS = YES;
				GCC_OPTIMIZATION_LEVEL = 0;
				GCC_PREPROCESSOR_DEFINITIONS = (
					"DEBUG=1",
					"$(inherited)",
				);
				GCC_WARN_64_TO_32_BIT_CONVERSION = YES;
				GCC_WARN_ABOUT_RETURN_TYPE = YES_ERROR;
				GCC_WARN_UNDECLARED_SELECTOR = YES;
				GCC_WARN_UNINITIALIZED_AUTOS = YES_AGGRESSIVE;
				GCC_WARN_UNUSED_FUNCTION = YES;
				GCC_WARN_UNUSED_VARIABLE = YES;
				IPHONEOS_DEPLOYMENT_TARGET = 15.2;
				MTL_ENABLE_DEBUG_INFO = INCLUDE_SOURCE;
				MTL_FAST_MATH = YES;
				ONLY_ACTIVE_ARCH = YES;
				SDKROOT = iphoneos;
				SWIFT_ACTIVE_COMPILATION_CONDITIONS = DEBUG;
				SWIFT_OPTIMIZATION_LEVEL = "-Onone";
			};
			name = Debug;
		};
		003B200C277990F40034A505 /* Release */ = {
			isa = XCBuildConfiguration;
			buildSettings = {
				ALWAYS_SEARCH_USER_PATHS = NO;
				CLANG_ANALYZER_NONNULL = YES;
				CLANG_ANALYZER_NUMBER_OBJECT_CONVERSION = YES_AGGRESSIVE;
				CLANG_CXX_LANGUAGE_STANDARD = "gnu++17";
				CLANG_CXX_LIBRARY = "libc++";
				CLANG_ENABLE_MODULES = YES;
				CLANG_ENABLE_OBJC_ARC = YES;
				CLANG_ENABLE_OBJC_WEAK = YES;
				CLANG_WARN_BLOCK_CAPTURE_AUTORELEASING = YES;
				CLANG_WARN_BOOL_CONVERSION = YES;
				CLANG_WARN_COMMA = YES;
				CLANG_WARN_CONSTANT_CONVERSION = YES;
				CLANG_WARN_DEPRECATED_OBJC_IMPLEMENTATIONS = YES;
				CLANG_WARN_DIRECT_OBJC_ISA_USAGE = YES_ERROR;
				CLANG_WARN_DOCUMENTATION_COMMENTS = YES;
				CLANG_WARN_EMPTY_BODY = YES;
				CLANG_WARN_ENUM_CONVERSION = YES;
				CLANG_WARN_INFINITE_RECURSION = YES;
				CLANG_WARN_INT_CONVERSION = YES;
				CLANG_WARN_NON_LITERAL_NULL_CONVERSION = YES;
				CLANG_WARN_OBJC_IMPLICIT_RETAIN_SELF = YES;
				CLANG_WARN_OBJC_LITERAL_CONVERSION = YES;
				CLANG_WARN_OBJC_ROOT_CLASS = YES_ERROR;
				CLANG_WARN_QUOTED_INCLUDE_IN_FRAMEWORK_HEADER = YES;
				CLANG_WARN_RANGE_LOOP_ANALYSIS = YES;
				CLANG_WARN_STRICT_PROTOTYPES = YES;
				CLANG_WARN_SUSPICIOUS_MOVE = YES;
				CLANG_WARN_UNGUARDED_AVAILABILITY = YES_AGGRESSIVE;
				CLANG_WARN_UNREACHABLE_CODE = YES;
				CLANG_WARN__DUPLICATE_METHOD_MATCH = YES;
				COPY_PHASE_STRIP = NO;
				DEBUG_INFORMATION_FORMAT = "dwarf-with-dsym";
				ENABLE_NS_ASSERTIONS = NO;
				ENABLE_STRICT_OBJC_MSGSEND = YES;
				GCC_C_LANGUAGE_STANDARD = gnu11;
				GCC_NO_COMMON_BLOCKS = YES;
				GCC_WARN_64_TO_32_BIT_CONVERSION = YES;
				GCC_WARN_ABOUT_RETURN_TYPE = YES_ERROR;
				GCC_WARN_UNDECLARED_SELECTOR = YES;
				GCC_WARN_UNINITIALIZED_AUTOS = YES_AGGRESSIVE;
				GCC_WARN_UNUSED_FUNCTION = YES;
				GCC_WARN_UNUSED_VARIABLE = YES;
				IPHONEOS_DEPLOYMENT_TARGET = 15.2;
				MTL_ENABLE_DEBUG_INFO = NO;
				MTL_FAST_MATH = YES;
				SDKROOT = iphoneos;
				SWIFT_COMPILATION_MODE = wholemodule;
				SWIFT_OPTIMIZATION_LEVEL = "-O";
				VALIDATE_PRODUCT = YES;
			};
			name = Release;
		};
		003B200E277990F40034A505 /* Debug */ = {
			isa = XCBuildConfiguration;
			baseConfigurationReference = 8B4D429182F65E36A8484B32 /* Pods-sowhat.debug.xcconfig */;
			buildSettings = {
				ASSETCATALOG_COMPILER_APPICON_NAME = AppIcon;
				ASSETCATALOG_COMPILER_GLOBAL_ACCENT_COLOR_NAME = AccentColor;
				CODE_SIGN_STYLE = Automatic;
				CURRENT_PROJECT_VERSION = 1;
				DEVELOPMENT_TEAM = QTGH624RDY;
				GENERATE_INFOPLIST_FILE = YES;
				INFOPLIST_FILE = sowhat/Info.plist;
				INFOPLIST_KEY_UIApplicationSupportsIndirectInputEvents = YES;
				INFOPLIST_KEY_UILaunchStoryboardName = LaunchScreen;
				INFOPLIST_KEY_UIMainStoryboardFile = Main;
				INFOPLIST_KEY_UISupportedInterfaceOrientations_iPad = "UIInterfaceOrientationPortrait UIInterfaceOrientationPortraitUpsideDown UIInterfaceOrientationLandscapeLeft UIInterfaceOrientationLandscapeRight";
				INFOPLIST_KEY_UISupportedInterfaceOrientations_iPhone = "UIInterfaceOrientationPortrait UIInterfaceOrientationLandscapeLeft UIInterfaceOrientationLandscapeRight";
				IPHONEOS_DEPLOYMENT_TARGET = 11.0;
				LD_RUNPATH_SEARCH_PATHS = (
					"$(inherited)",
					"@executable_path/Frameworks",
				);
				MARKETING_VERSION = 1.0;
				PRODUCT_BUNDLE_IDENTIFIER = com.sowhat;
				PRODUCT_NAME = "$(TARGET_NAME)";
				SWIFT_EMIT_LOC_STRINGS = YES;
				SWIFT_VERSION = 5.0;
				TARGETED_DEVICE_FAMILY = "1,2";
			};
			name = Debug;
		};
		003B200F277990F40034A505 /* Release */ = {
			isa = XCBuildConfiguration;
			baseConfigurationReference = 581DDE996AABCF086B42673E /* Pods-sowhat.release.xcconfig */;
			buildSettings = {
				ASSETCATALOG_COMPILER_APPICON_NAME = AppIcon;
				ASSETCATALOG_COMPILER_GLOBAL_ACCENT_COLOR_NAME = AccentColor;
				CODE_SIGN_STYLE = Automatic;
				CURRENT_PROJECT_VERSION = 1;
				DEVELOPMENT_TEAM = QTGH624RDY;
				GENERATE_INFOPLIST_FILE = YES;
				INFOPLIST_FILE = sowhat/Info.plist;
				INFOPLIST_KEY_UIApplicationSupportsIndirectInputEvents = YES;
				INFOPLIST_KEY_UILaunchStoryboardName = LaunchScreen;
				INFOPLIST_KEY_UIMainStoryboardFile = Main;
				INFOPLIST_KEY_UISupportedInterfaceOrientations_iPad = "UIInterfaceOrientationPortrait UIInterfaceOrientationPortraitUpsideDown UIInterfaceOrientationLandscapeLeft UIInterfaceOrientationLandscapeRight";
				INFOPLIST_KEY_UISupportedInterfaceOrientations_iPhone = "UIInterfaceOrientationPortrait UIInterfaceOrientationLandscapeLeft UIInterfaceOrientationLandscapeRight";
				IPHONEOS_DEPLOYMENT_TARGET = 11.0;
				LD_RUNPATH_SEARCH_PATHS = (
					"$(inherited)",
					"@executable_path/Frameworks",
				);
				MARKETING_VERSION = 1.0;
				PRODUCT_BUNDLE_IDENTIFIER = com.sowhat;
				PRODUCT_NAME = "$(TARGET_NAME)";
				SWIFT_EMIT_LOC_STRINGS = YES;
				SWIFT_VERSION = 5.0;
				TARGETED_DEVICE_FAMILY = "1,2";
			};
			name = Release;
		};
/* End XCBuildConfiguration section */

/* Begin XCConfigurationList section */
		003B1FF1277990F20034A505 /* Build configuration list for PBXProject "sowhat" */ = {
			isa = XCConfigurationList;
			buildConfigurations = (
				003B200B277990F40034A505 /* Debug */,
				003B200C277990F40034A505 /* Release */,
			);
			defaultConfigurationIsVisible = 0;
			defaultConfigurationName = Release;
		};
		003B200D277990F40034A505 /* Build configuration list for PBXNativeTarget "sowhat" */ = {
			isa = XCConfigurationList;
			buildConfigurations = (
				003B200E277990F40034A505 /* Debug */,
				003B200F277990F40034A505 /* Release */,
			);
			defaultConfigurationIsVisible = 0;
			defaultConfigurationName = Release;
		};
/* End XCConfigurationList section */
	};
	rootObject = 003B1FEE277990F20034A505 /* Project object */;
}
