// !$*UTF8*$!
{
	archiveVersion = 1;
	classes = {
	};
	objectVersion = 51;
	objects = {

/* Begin PBXBuildFile section */
		0011B682279AA45C0001E833 /* FileStorage.swift in Sources */ = {isa = PBXBuildFile; fileRef = 0011B681279AA45C0001E833 /* FileStorage.swift */; };
		0011B684279ACA330001E833 /* GlobalFunctions.swift in Sources */ = {isa = PBXBuildFile; fileRef = 0011B683279ACA330001E833 /* GlobalFunctions.swift */; };
		0011B686279AE55E0001E833 /* Extensions.swift in Sources */ = {isa = PBXBuildFile; fileRef = 0011B685279AE55E0001E833 /* Extensions.swift */; };
		0011B688279B43090001E833 /* Status.swift in Sources */ = {isa = PBXBuildFile; fileRef = 0011B687279B43090001E833 /* Status.swift */; };
		0011B68B279B49B00001E833 /* StatusTableViewController.swift in Sources */ = {isa = PBXBuildFile; fileRef = 0011B68A279B49B00001E833 /* StatusTableViewController.swift */; };
		0011B68E279BCD370001E833 /* UserTableViewCell.swift in Sources */ = {isa = PBXBuildFile; fileRef = 0011B68D279BCD370001E833 /* UserTableViewCell.swift */; };
		0011B690279BCD500001E833 /* UsersTableViewController.swift in Sources */ = {isa = PBXBuildFile; fileRef = 0011B68F279BCD4F0001E833 /* UsersTableViewController.swift */; };
		0011B693279C5BA90001E833 /* ProfileTableViewController.swift in Sources */ = {isa = PBXBuildFile; fileRef = 0011B692279C5BA90001E833 /* ProfileTableViewController.swift */; };
		0030494027B113E3006070D4 /* ChatsTableViewController.swift in Sources */ = {isa = PBXBuildFile; fileRef = 0030493F27B113E3006070D4 /* ChatsTableViewController.swift */; };
		003B1FFA277990F20034A505 /* AppDelegate.swift in Sources */ = {isa = PBXBuildFile; fileRef = 003B1FF9277990F20034A505 /* AppDelegate.swift */; };
		003B1FFC277990F20034A505 /* SceneDelegate.swift in Sources */ = {isa = PBXBuildFile; fileRef = 003B1FFB277990F20034A505 /* SceneDelegate.swift */; };
		003B1FFE277990F20034A505 /* LoginViewController.swift in Sources */ = {isa = PBXBuildFile; fileRef = 003B1FFD277990F20034A505 /* LoginViewController.swift */; };
		003B2001277990F20034A505 /* Main.storyboard in Resources */ = {isa = PBXBuildFile; fileRef = 003B1FFF277990F20034A505 /* Main.storyboard */; };
		003B2006277990F40034A505 /* Assets.xcassets in Resources */ = {isa = PBXBuildFile; fileRef = 003B2005277990F40034A505 /* Assets.xcassets */; };
		003B2009277990F40034A505 /* LaunchScreen.storyboard in Resources */ = {isa = PBXBuildFile; fileRef = 003B2007277990F40034A505 /* LaunchScreen.storyboard */; };
		003B201327799B6B0034A505 /* GoogleService-Info.plist in Resources */ = {isa = PBXBuildFile; fileRef = 003B201227799B6B0034A505 /* GoogleService-Info.plist */; };
		0059748F27A114FF007C81D9 /* RecentChat.swift in Sources */ = {isa = PBXBuildFile; fileRef = 0059748E27A114FF007C81D9 /* RecentChat.swift */; };
		0059749627A138D5007C81D9 /* RecentTableViewCell.swift in Sources */ = {isa = PBXBuildFile; fileRef = 0059749527A138D5007C81D9 /* RecentTableViewCell.swift */; };
		0059749827A3C8A9007C81D9 /* StartChat.swift in Sources */ = {isa = PBXBuildFile; fileRef = 0059749727A3C8A9007C81D9 /* StartChat.swift */; };
		0059749A27A402F0007C81D9 /* FirebaseRecentListner.swift in Sources */ = {isa = PBXBuildFile; fileRef = 0059749927A402F0007C81D9 /* FirebaseRecentListner.swift */; };
		006C3BD9277C3D000035E20F /* FCollectionRefrence.swift in Sources */ = {isa = PBXBuildFile; fileRef = 006C3BD8277C3D000035E20F /* FCollectionRefrence.swift */; };
		006C3BDB277C45080035E20F /* FirebaseUserListner.swift in Sources */ = {isa = PBXBuildFile; fileRef = 006C3BDA277C45080035E20F /* FirebaseUserListner.swift */; };
		006D3D9C27B64FED002F2747 /* MessageDataSource.swift in Sources */ = {isa = PBXBuildFile; fileRef = 006D3D9B27B64FED002F2747 /* MessageDataSource.swift */; };
		006D3DA027B6503B002F2747 /* MessageCellDelegate.swift in Sources */ = {isa = PBXBuildFile; fileRef = 006D3D9F27B6503B002F2747 /* MessageCellDelegate.swift */; };
		006D3DA227B65051002F2747 /* MessageLayoutDelegate.swift in Sources */ = {isa = PBXBuildFile; fileRef = 006D3DA127B65051002F2747 /* MessageLayoutDelegate.swift */; };
		006D3DA427B65071002F2747 /* MessageDisplayDelegate.swift in Sources */ = {isa = PBXBuildFile; fileRef = 006D3DA327B65071002F2747 /* MessageDisplayDelegate.swift */; };
		006D3DA827B673D4002F2747 /* MessageKitDefaults.swift in Sources */ = {isa = PBXBuildFile; fileRef = 006D3DA727B673D4002F2747 /* MessageKitDefaults.swift */; };
		006D3DAA27B67EF5002F2747 /* MKMessage.swift in Sources */ = {isa = PBXBuildFile; fileRef = 006D3DA927B67EF5002F2747 /* MKMessage.swift */; };
		006D3DAD27B68BD2002F2747 /* LocalMessage.swift in Sources */ = {isa = PBXBuildFile; fileRef = 006D3DAC27B68BD2002F2747 /* LocalMessage.swift */; };
		007533EF277B372D00873ADE /* User.swift in Sources */ = {isa = PBXBuildFile; fileRef = 007533EE277B372D00873ADE /* User.swift */; };
		007533F1277B3A4F00873ADE /* Constants.swift in Sources */ = {isa = PBXBuildFile; fileRef = 007533F0277B3A4F00873ADE /* Constants.swift */; };
		00804F0B27841F0E004BDE6D /* EventViewController.swift in Sources */ = {isa = PBXBuildFile; fileRef = 00804F0A27841F0E004BDE6D /* EventViewController.swift */; };
		008B40BE278EE35B00539942 /* OTPUIView.swift in Sources */ = {isa = PBXBuildFile; fileRef = 008B40BD278EE35B00539942 /* OTPUIView.swift */; };
		008B40C0278EE39000539942 /* OTPUIView.xib in Resources */ = {isa = PBXBuildFile; fileRef = 008B40BF278EE39000539942 /* OTPUIView.xib */; };
		00B30EF027903CD900CCDBA3 /* UITextField+Extension.swift in Sources */ = {isa = PBXBuildFile; fileRef = 00B30EEF27903CD900CCDBA3 /* UITextField+Extension.swift */; };
		00C0D54727B5197A009ED7FB /* ChatViewController.swift in Sources */ = {isa = PBXBuildFile; fileRef = 00C0D54627B5197A009ED7FB /* ChatViewController.swift */; };
		00CBF33E279946F1004B6564 /* SettingsTableViewController.swift in Sources */ = {isa = PBXBuildFile; fileRef = 00CBF33D279946F1004B6564 /* SettingsTableViewController.swift */; };
		00CBF34127998C40004B6564 /* EditProfileTableViewController.swift in Sources */ = {isa = PBXBuildFile; fileRef = 00CBF34027998C40004B6564 /* EditProfileTableViewController.swift */; };
		00D7D450278C13FC00910597 /* UIView+Extension.swift in Sources */ = {isa = PBXBuildFile; fileRef = 00D7D44F278C13FC00910597 /* UIView+Extension.swift */; };
		00D7D453278C243500910597 /* AppleSignInViewController.swift in Sources */ = {isa = PBXBuildFile; fileRef = 00D7D452278C243500910597 /* AppleSignInViewController.swift */; };
		00D7D456278C337300910597 /* HelperFunctions.swift in Sources */ = {isa = PBXBuildFile; fileRef = 00D7D455278C337300910597 /* HelperFunctions.swift */; };
		00D7D458278D698B00910597 /* UIViewController+Extension.swift in Sources */ = {isa = PBXBuildFile; fileRef = 00D7D457278D698B00910597 /* UIViewController+Extension.swift */; };
		00EEB4B027BA58CF00D6C58C /* PhotoMessage.swift in Sources */ = {isa = PBXBuildFile; fileRef = 00EEB4AF27BA58CF00D6C58C /* PhotoMessage.swift */; };
		634BCA4D27BACF0B00CE14B7 /* VideoMessage.swift in Sources */ = {isa = PBXBuildFile; fileRef = 634BCA4C27BACF0B00CE14B7 /* VideoMessage.swift */; };
		63AD4BF027B7ED0000EC88A6 /* RealmManager.swift in Sources */ = {isa = PBXBuildFile; fileRef = 63AD4BEF27B7ED0000EC88A6 /* RealmManager.swift */; };
		63AD4BF227B7F45F00EC88A6 /* InputBarAccessaryViewDelegate.swift in Sources */ = {isa = PBXBuildFile; fileRef = 63AD4BF127B7F45F00EC88A6 /* InputBarAccessaryViewDelegate.swift */; };
		63AD4BF427B7F92700EC88A6 /* OutgoingMessage.swift in Sources */ = {isa = PBXBuildFile; fileRef = 63AD4BF327B7F92700EC88A6 /* OutgoingMessage.swift */; };
		63AD4BF627B820F200EC88A6 /* FirebaseMessageListner.swift in Sources */ = {isa = PBXBuildFile; fileRef = 63AD4BF527B820F200EC88A6 /* FirebaseMessageListner.swift */; };
		63AD4BF827B834DB00EC88A6 /* IncomingMessage.swift in Sources */ = {isa = PBXBuildFile; fileRef = 63AD4BF727B834DB00EC88A6 /* IncomingMessage.swift */; };
		63AD4BFA27B94C4B00EC88A6 /* FirebaseTypingListener.swift in Sources */ = {isa = PBXBuildFile; fileRef = 63AD4BF927B94C4B00EC88A6 /* FirebaseTypingListener.swift */; };
		FED784721BBA9CD19940987A /* Pods_sowhat.framework in Frameworks */ = {isa = PBXBuildFile; fileRef = A535575FD097F29F44E32DEB /* Pods_sowhat.framework */; };
/* End PBXBuildFile section */

/* Begin PBXFileReference section */
		0011B681279AA45C0001E833 /* FileStorage.swift */ = {isa = PBXFileReference; lastKnownFileType = sourcecode.swift; path = FileStorage.swift; sourceTree = "<group>"; };
		0011B683279ACA330001E833 /* GlobalFunctions.swift */ = {isa = PBXFileReference; lastKnownFileType = sourcecode.swift; path = GlobalFunctions.swift; sourceTree = "<group>"; };
		0011B685279AE55E0001E833 /* Extensions.swift */ = {isa = PBXFileReference; lastKnownFileType = sourcecode.swift; path = Extensions.swift; sourceTree = "<group>"; };
		0011B687279B43090001E833 /* Status.swift */ = {isa = PBXFileReference; lastKnownFileType = sourcecode.swift; path = Status.swift; sourceTree = "<group>"; };
		0011B68A279B49B00001E833 /* StatusTableViewController.swift */ = {isa = PBXFileReference; lastKnownFileType = sourcecode.swift; path = StatusTableViewController.swift; sourceTree = "<group>"; };
		0011B68D279BCD370001E833 /* UserTableViewCell.swift */ = {isa = PBXFileReference; lastKnownFileType = sourcecode.swift; path = UserTableViewCell.swift; sourceTree = "<group>"; };
		0011B68F279BCD4F0001E833 /* UsersTableViewController.swift */ = {isa = PBXFileReference; lastKnownFileType = sourcecode.swift; path = UsersTableViewController.swift; sourceTree = "<group>"; };
		0011B692279C5BA90001E833 /* ProfileTableViewController.swift */ = {isa = PBXFileReference; lastKnownFileType = sourcecode.swift; path = ProfileTableViewController.swift; sourceTree = "<group>"; };
		0030493F27B113E3006070D4 /* ChatsTableViewController.swift */ = {isa = PBXFileReference; lastKnownFileType = sourcecode.swift; path = ChatsTableViewController.swift; sourceTree = "<group>"; };
		003B1FF6277990F20034A505 /* sowhat.app */ = {isa = PBXFileReference; explicitFileType = wrapper.application; includeInIndex = 0; path = sowhat.app; sourceTree = BUILT_PRODUCTS_DIR; };
		003B1FF9277990F20034A505 /* AppDelegate.swift */ = {isa = PBXFileReference; lastKnownFileType = sourcecode.swift; path = AppDelegate.swift; sourceTree = "<group>"; };
		003B1FFB277990F20034A505 /* SceneDelegate.swift */ = {isa = PBXFileReference; lastKnownFileType = sourcecode.swift; path = SceneDelegate.swift; sourceTree = "<group>"; };
		003B1FFD277990F20034A505 /* LoginViewController.swift */ = {isa = PBXFileReference; lastKnownFileType = sourcecode.swift; path = LoginViewController.swift; sourceTree = "<group>"; };
		003B2000277990F20034A505 /* Base */ = {isa = PBXFileReference; lastKnownFileType = file.storyboard; name = Base; path = Base.lproj/Main.storyboard; sourceTree = "<group>"; };
		003B2005277990F40034A505 /* Assets.xcassets */ = {isa = PBXFileReference; lastKnownFileType = folder.assetcatalog; path = Assets.xcassets; sourceTree = "<group>"; };
		003B2008277990F40034A505 /* Base */ = {isa = PBXFileReference; lastKnownFileType = file.storyboard; name = Base; path = Base.lproj/LaunchScreen.storyboard; sourceTree = "<group>"; };
		003B200A277990F40034A505 /* Info.plist */ = {isa = PBXFileReference; lastKnownFileType = text.plist.xml; path = Info.plist; sourceTree = "<group>"; };
		003B201227799B6B0034A505 /* GoogleService-Info.plist */ = {isa = PBXFileReference; fileEncoding = 4; lastKnownFileType = text.plist.xml; path = "GoogleService-Info.plist"; sourceTree = "<group>"; };
		0059748E27A114FF007C81D9 /* RecentChat.swift */ = {isa = PBXFileReference; lastKnownFileType = sourcecode.swift; path = RecentChat.swift; sourceTree = "<group>"; };
		0059749527A138D5007C81D9 /* RecentTableViewCell.swift */ = {isa = PBXFileReference; lastKnownFileType = sourcecode.swift; path = RecentTableViewCell.swift; sourceTree = "<group>"; };
		0059749727A3C8A9007C81D9 /* StartChat.swift */ = {isa = PBXFileReference; lastKnownFileType = sourcecode.swift; path = StartChat.swift; sourceTree = "<group>"; };
		0059749927A402F0007C81D9 /* FirebaseRecentListner.swift */ = {isa = PBXFileReference; lastKnownFileType = sourcecode.swift; path = FirebaseRecentListner.swift; sourceTree = "<group>"; };
		006C3BD8277C3D000035E20F /* FCollectionRefrence.swift */ = {isa = PBXFileReference; lastKnownFileType = sourcecode.swift; path = FCollectionRefrence.swift; sourceTree = "<group>"; };
		006C3BDA277C45080035E20F /* FirebaseUserListner.swift */ = {isa = PBXFileReference; lastKnownFileType = sourcecode.swift; path = FirebaseUserListner.swift; sourceTree = "<group>"; };
		006D3D9B27B64FED002F2747 /* MessageDataSource.swift */ = {isa = PBXFileReference; lastKnownFileType = sourcecode.swift; path = MessageDataSource.swift; sourceTree = "<group>"; };
		006D3D9F27B6503B002F2747 /* MessageCellDelegate.swift */ = {isa = PBXFileReference; lastKnownFileType = sourcecode.swift; path = MessageCellDelegate.swift; sourceTree = "<group>"; };
		006D3DA127B65051002F2747 /* MessageLayoutDelegate.swift */ = {isa = PBXFileReference; lastKnownFileType = sourcecode.swift; path = MessageLayoutDelegate.swift; sourceTree = "<group>"; };
		006D3DA327B65071002F2747 /* MessageDisplayDelegate.swift */ = {isa = PBXFileReference; lastKnownFileType = sourcecode.swift; path = MessageDisplayDelegate.swift; sourceTree = "<group>"; };
		006D3DA727B673D4002F2747 /* MessageKitDefaults.swift */ = {isa = PBXFileReference; lastKnownFileType = sourcecode.swift; path = MessageKitDefaults.swift; sourceTree = "<group>"; };
		006D3DA927B67EF5002F2747 /* MKMessage.swift */ = {isa = PBXFileReference; lastKnownFileType = sourcecode.swift; path = MKMessage.swift; sourceTree = "<group>"; };
		006D3DAC27B68BD2002F2747 /* LocalMessage.swift */ = {isa = PBXFileReference; lastKnownFileType = sourcecode.swift; path = LocalMessage.swift; sourceTree = "<group>"; };
		007533EE277B372D00873ADE /* User.swift */ = {isa = PBXFileReference; lastKnownFileType = sourcecode.swift; path = User.swift; sourceTree = "<group>"; };
		007533F0277B3A4F00873ADE /* Constants.swift */ = {isa = PBXFileReference; lastKnownFileType = sourcecode.swift; path = Constants.swift; sourceTree = "<group>"; };
		00804F0A27841F0E004BDE6D /* EventViewController.swift */ = {isa = PBXFileReference; lastKnownFileType = sourcecode.swift; path = EventViewController.swift; sourceTree = "<group>"; };
		008B40BD278EE35B00539942 /* OTPUIView.swift */ = {isa = PBXFileReference; lastKnownFileType = sourcecode.swift; path = OTPUIView.swift; sourceTree = "<group>"; };
		008B40BF278EE39000539942 /* OTPUIView.xib */ = {isa = PBXFileReference; lastKnownFileType = file.xib; path = OTPUIView.xib; sourceTree = "<group>"; };
		00B30EEC279036B300CCDBA3 /* sowhat-Bridging-Header.h */ = {isa = PBXFileReference; lastKnownFileType = sourcecode.c.h; path = "sowhat-Bridging-Header.h"; sourceTree = "<group>"; };
		00B30EEF27903CD900CCDBA3 /* UITextField+Extension.swift */ = {isa = PBXFileReference; lastKnownFileType = sourcecode.swift; path = "UITextField+Extension.swift"; sourceTree = "<group>"; };
		00C0D54627B5197A009ED7FB /* ChatViewController.swift */ = {isa = PBXFileReference; lastKnownFileType = sourcecode.swift; path = ChatViewController.swift; sourceTree = "<group>"; };
		00CBF33D279946F1004B6564 /* SettingsTableViewController.swift */ = {isa = PBXFileReference; lastKnownFileType = sourcecode.swift; path = SettingsTableViewController.swift; sourceTree = "<group>"; };
		00CBF34027998C40004B6564 /* EditProfileTableViewController.swift */ = {isa = PBXFileReference; lastKnownFileType = sourcecode.swift; path = EditProfileTableViewController.swift; sourceTree = "<group>"; };
		00D7D44F278C13FC00910597 /* UIView+Extension.swift */ = {isa = PBXFileReference; lastKnownFileType = sourcecode.swift; path = "UIView+Extension.swift"; sourceTree = "<group>"; };
		00D7D452278C243500910597 /* AppleSignInViewController.swift */ = {isa = PBXFileReference; lastKnownFileType = sourcecode.swift; path = AppleSignInViewController.swift; sourceTree = "<group>"; };
		00D7D455278C337300910597 /* HelperFunctions.swift */ = {isa = PBXFileReference; lastKnownFileType = sourcecode.swift; path = HelperFunctions.swift; sourceTree = "<group>"; };
		00D7D457278D698B00910597 /* UIViewController+Extension.swift */ = {isa = PBXFileReference; lastKnownFileType = sourcecode.swift; path = "UIViewController+Extension.swift"; sourceTree = "<group>"; };
		00EEB4AF27BA58CF00D6C58C /* PhotoMessage.swift */ = {isa = PBXFileReference; lastKnownFileType = sourcecode.swift; path = PhotoMessage.swift; sourceTree = "<group>"; };
		581DDE996AABCF086B42673E /* Pods-sowhat.release.xcconfig */ = {isa = PBXFileReference; includeInIndex = 1; lastKnownFileType = text.xcconfig; name = "Pods-sowhat.release.xcconfig"; path = "Target Support Files/Pods-sowhat/Pods-sowhat.release.xcconfig"; sourceTree = "<group>"; };
		634BCA4C27BACF0B00CE14B7 /* VideoMessage.swift */ = {isa = PBXFileReference; lastKnownFileType = sourcecode.swift; path = VideoMessage.swift; sourceTree = "<group>"; };
		63AD4BEF27B7ED0000EC88A6 /* RealmManager.swift */ = {isa = PBXFileReference; lastKnownFileType = sourcecode.swift; path = RealmManager.swift; sourceTree = "<group>"; };
		63AD4BF127B7F45F00EC88A6 /* InputBarAccessaryViewDelegate.swift */ = {isa = PBXFileReference; lastKnownFileType = sourcecode.swift; path = InputBarAccessaryViewDelegate.swift; sourceTree = "<group>"; };
		63AD4BF327B7F92700EC88A6 /* OutgoingMessage.swift */ = {isa = PBXFileReference; lastKnownFileType = sourcecode.swift; path = OutgoingMessage.swift; sourceTree = "<group>"; };
		63AD4BF527B820F200EC88A6 /* FirebaseMessageListner.swift */ = {isa = PBXFileReference; lastKnownFileType = sourcecode.swift; path = FirebaseMessageListner.swift; sourceTree = "<group>"; };
		63AD4BF727B834DB00EC88A6 /* IncomingMessage.swift */ = {isa = PBXFileReference; lastKnownFileType = sourcecode.swift; path = IncomingMessage.swift; sourceTree = "<group>"; };
		63AD4BF927B94C4B00EC88A6 /* FirebaseTypingListener.swift */ = {isa = PBXFileReference; lastKnownFileType = sourcecode.swift; path = FirebaseTypingListener.swift; sourceTree = "<group>"; };
		8B4D429182F65E36A8484B32 /* Pods-sowhat.debug.xcconfig */ = {isa = PBXFileReference; includeInIndex = 1; lastKnownFileType = text.xcconfig; name = "Pods-sowhat.debug.xcconfig"; path = "Target Support Files/Pods-sowhat/Pods-sowhat.debug.xcconfig"; sourceTree = "<group>"; };
		A535575FD097F29F44E32DEB /* Pods_sowhat.framework */ = {isa = PBXFileReference; explicitFileType = wrapper.framework; includeInIndex = 0; path = Pods_sowhat.framework; sourceTree = BUILT_PRODUCTS_DIR; };
/* End PBXFileReference section */

/* Begin PBXFrameworksBuildPhase section */
		003B1FF3277990F20034A505 /* Frameworks */ = {
			isa = PBXFrameworksBuildPhase;
			buildActionMask = 2147483647;
			files = (
				FED784721BBA9CD19940987A /* Pods_sowhat.framework in Frameworks */,
			);
			runOnlyForDeploymentPostprocessing = 0;
		};
/* End PBXFrameworksBuildPhase section */

/* Begin PBXGroup section */
		0011B689279B49910001E833 /* StatusTable */ = {
			isa = PBXGroup;
			children = (
				0011B68A279B49B00001E833 /* StatusTableViewController.swift */,
			);
			path = StatusTable;
			sourceTree = "<group>";
		};
		0011B68C279BCD090001E833 /* Users */ = {
			isa = PBXGroup;
			children = (
				0011B68F279BCD4F0001E833 /* UsersTableViewController.swift */,
			);
			path = Users;
			sourceTree = "<group>";
		};
		0011B691279C5B960001E833 /* SecondaryViews */ = {
			isa = PBXGroup;
			children = (
				0011B692279C5BA90001E833 /* ProfileTableViewController.swift */,
				00C0D54627B5197A009ED7FB /* ChatViewController.swift */,
				006D3D9E27B65008002F2747 /* ChatViewExtensions */,
			);
			path = SecondaryViews;
			sourceTree = "<group>";
		};
		0030494127B113F5006070D4 /* Chats */ = {
			isa = PBXGroup;
			children = (
				0030493F27B113E3006070D4 /* ChatsTableViewController.swift */,
			);
			path = Chats;
			sourceTree = "<group>";
		};
		003B1FED277990F20034A505 = {
			isa = PBXGroup;
			children = (
				003B1FF8277990F20034A505 /* sowhat */,
				003B1FF7277990F20034A505 /* Products */,
				606F405C3C11B4E8347019B1 /* Pods */,
				FDA5EDE6081A4D43FAB07369 /* Frameworks */,
			);
			sourceTree = "<group>";
		};
		003B1FF7277990F20034A505 /* Products */ = {
			isa = PBXGroup;
			children = (
				003B1FF6277990F20034A505 /* sowhat.app */,
			);
			name = Products;
			sourceTree = "<group>";
		};
		003B1FF8277990F20034A505 /* sowhat */ = {
			isa = PBXGroup;
			children = (
				00B30EEA2790365F00CCDBA3 /* Objective-C */,
				008B40BA278EE24100539942 /* Views */,
				00D7D454278C335900910597 /* HelperFunctions */,
				00D7D44E278C13D600910597 /* Extensions */,
				003B1FF9277990F20034A505 /* AppDelegate.swift */,
				003B1FFB277990F20034A505 /* SceneDelegate.swift */,
				0059749027A13284007C81D9 /* CustomCells */,
				00804F0927841EDC004BDE6D /* Controllers */,
				006C3BD7277C3CEA0035E20F /* FirebaseHelpers */,
				006C3BD6277C3C560035E20F /* Helpers */,
				007533ED277B371000873ADE /* Model */,
				003B1FFF277990F20034A505 /* Main.storyboard */,
				003B2005277990F40034A505 /* Assets.xcassets */,
				003B2007277990F40034A505 /* LaunchScreen.storyboard */,
				003B200A277990F40034A505 /* Info.plist */,
				003B201227799B6B0034A505 /* GoogleService-Info.plist */,
			);
			path = sowhat;
			sourceTree = "<group>";
		};
		0059749027A13284007C81D9 /* CustomCells */ = {
			isa = PBXGroup;
			children = (
				0011B68D279BCD370001E833 /* UserTableViewCell.swift */,
				0059749527A138D5007C81D9 /* RecentTableViewCell.swift */,
			);
			path = CustomCells;
			sourceTree = "<group>";
		};
		0059749227A132D5007C81D9 /* LoginViews */ = {
			isa = PBXGroup;
			children = (
				003B1FFD277990F20034A505 /* LoginViewController.swift */,
			);
			path = LoginViews;
			sourceTree = "<group>";
		};
		006C3BD6277C3C560035E20F /* Helpers */ = {
			isa = PBXGroup;
			children = (
				007533F0277B3A4F00873ADE /* Constants.swift */,
				0011B683279ACA330001E833 /* GlobalFunctions.swift */,
				0011B685279AE55E0001E833 /* Extensions.swift */,
				0059749727A3C8A9007C81D9 /* StartChat.swift */,
				006D3DA727B673D4002F2747 /* MessageKitDefaults.swift */,
			);
			path = Helpers;
			sourceTree = "<group>";
		};
		006C3BD7277C3CEA0035E20F /* FirebaseHelpers */ = {
			isa = PBXGroup;
			children = (
				006C3BD8277C3D000035E20F /* FCollectionRefrence.swift */,
				006C3BDA277C45080035E20F /* FirebaseUserListner.swift */,
				0011B681279AA45C0001E833 /* FileStorage.swift */,
				0059749927A402F0007C81D9 /* FirebaseRecentListner.swift */,
				63AD4BF527B820F200EC88A6 /* FirebaseMessageListner.swift */,
				63AD4BF927B94C4B00EC88A6 /* FirebaseTypingListener.swift */,
			);
			path = FirebaseHelpers;
			sourceTree = "<group>";
		};
		006D3D9E27B65008002F2747 /* ChatViewExtensions */ = {
			isa = PBXGroup;
			children = (
				006D3D9B27B64FED002F2747 /* MessageDataSource.swift */,
				006D3D9F27B6503B002F2747 /* MessageCellDelegate.swift */,
				006D3DA127B65051002F2747 /* MessageLayoutDelegate.swift */,
				006D3DA327B65071002F2747 /* MessageDisplayDelegate.swift */,
				63AD4BF127B7F45F00EC88A6 /* InputBarAccessaryViewDelegate.swift */,
			);
			path = ChatViewExtensions;
			sourceTree = "<group>";
		};
		006D3DAB27B68BBC002F2747 /* RealmMessages */ = {
			isa = PBXGroup;
			children = (
				006D3DAC27B68BD2002F2747 /* LocalMessage.swift */,
				63AD4BEF27B7ED0000EC88A6 /* RealmManager.swift */,
			);
			path = RealmMessages;
			sourceTree = "<group>";
		};
		007533ED277B371000873ADE /* Model */ = {
			isa = PBXGroup;
			children = (
				006D3DAB27B68BBC002F2747 /* RealmMessages */,
				007533EE277B372D00873ADE /* User.swift */,
				0011B687279B43090001E833 /* Status.swift */,
				0059748E27A114FF007C81D9 /* RecentChat.swift */,
				006D3DA927B67EF5002F2747 /* MKMessage.swift */,
				63AD4BF327B7F92700EC88A6 /* OutgoingMessage.swift */,
				63AD4BF727B834DB00EC88A6 /* IncomingMessage.swift */,
				634BCA4B27BACEC900CE14B7 /* MediaMessages */,
			);
			path = Model;
			sourceTree = "<group>";
		};
		00804F0927841EDC004BDE6D /* Controllers */ = {
			isa = PBXGroup;
			children = (
				0030494127B113F5006070D4 /* Chats */,
				0011B691279C5B960001E833 /* SecondaryViews */,
				0011B68C279BCD090001E833 /* Users */,
				00CBF33C279946D2004B6564 /* Settings */,
				00D7D451278C241900910597 /* AppleSignIn */,
				0059749227A132D5007C81D9 /* LoginViews */,
				00804F0A27841F0E004BDE6D /* EventViewController.swift */,
			);
			path = Controllers;
			sourceTree = "<group>";
		};
		008B40BA278EE24100539942 /* Views */ = {
			isa = PBXGroup;
			children = (
				008B40BD278EE35B00539942 /* OTPUIView.swift */,
				008B40BF278EE39000539942 /* OTPUIView.xib */,
			);
			path = Views;
			sourceTree = "<group>";
		};
		00B30EEA2790365F00CCDBA3 /* Objective-C */ = {
			isa = PBXGroup;
			children = (
				00B30EEC279036B300CCDBA3 /* sowhat-Bridging-Header.h */,
			);
			path = "Objective-C";
			sourceTree = "<group>";
		};
		00CBF33C279946D2004B6564 /* Settings */ = {
			isa = PBXGroup;
			children = (
				0011B689279B49910001E833 /* StatusTable */,
				00CBF33F27998C26004B6564 /* EditProfile */,
				00CBF33D279946F1004B6564 /* SettingsTableViewController.swift */,
			);
			path = Settings;
			sourceTree = "<group>";
		};
		00CBF33F27998C26004B6564 /* EditProfile */ = {
			isa = PBXGroup;
			children = (
				00CBF34027998C40004B6564 /* EditProfileTableViewController.swift */,
			);
			path = EditProfile;
			sourceTree = "<group>";
		};
		00D7D44E278C13D600910597 /* Extensions */ = {
			isa = PBXGroup;
			children = (
				00D7D44F278C13FC00910597 /* UIView+Extension.swift */,
				00D7D457278D698B00910597 /* UIViewController+Extension.swift */,
				00B30EEF27903CD900CCDBA3 /* UITextField+Extension.swift */,
			);
			path = Extensions;
			sourceTree = "<group>";
		};
		00D7D451278C241900910597 /* AppleSignIn */ = {
			isa = PBXGroup;
			children = (
				00D7D452278C243500910597 /* AppleSignInViewController.swift */,
			);
			path = AppleSignIn;
			sourceTree = "<group>";
		};
		00D7D454278C335900910597 /* HelperFunctions */ = {
			isa = PBXGroup;
			children = (
				00D7D455278C337300910597 /* HelperFunctions.swift */,
			);
			path = HelperFunctions;
			sourceTree = "<group>";
		};
		606F405C3C11B4E8347019B1 /* Pods */ = {
			isa = PBXGroup;
			children = (
				8B4D429182F65E36A8484B32 /* Pods-sowhat.debug.xcconfig */,
				581DDE996AABCF086B42673E /* Pods-sowhat.release.xcconfig */,
			);
			path = Pods;
			sourceTree = "<group>";
		};
		634BCA4B27BACEC900CE14B7 /* MediaMessages */ = {
			isa = PBXGroup;
			children = (
				00EEB4AF27BA58CF00D6C58C /* PhotoMessage.swift */,
				634BCA4C27BACF0B00CE14B7 /* VideoMessage.swift */,
			);
			path = MediaMessages;
			sourceTree = "<group>";
		};
		FDA5EDE6081A4D43FAB07369 /* Frameworks */ = {
			isa = PBXGroup;
			children = (
				A535575FD097F29F44E32DEB /* Pods_sowhat.framework */,
			);
			name = Frameworks;
			sourceTree = "<group>";
		};
/* End PBXGroup section */

/* Begin PBXNativeTarget section */
		003B1FF5277990F20034A505 /* sowhat */ = {
			isa = PBXNativeTarget;
			buildConfigurationList = 003B200D277990F40034A505 /* Build configuration list for PBXNativeTarget "sowhat" */;
			buildPhases = (
				5DCA94D2727D1CF4F8132C94 /* [CP] Check Pods Manifest.lock */,
				003B1FF2277990F20034A505 /* Sources */,
				003B1FF3277990F20034A505 /* Frameworks */,
				003B1FF4277990F20034A505 /* Resources */,
				B039CB96CC7E151724D913C9 /* [CP] Embed Pods Frameworks */,
			);
			buildRules = (
			);
			dependencies = (
			);
			name = sowhat;
			productName = sowhat;
			productReference = 003B1FF6277990F20034A505 /* sowhat.app */;
			productType = "com.apple.product-type.application";
		};
/* End PBXNativeTarget section */

/* Begin PBXProject section */
		003B1FEE277990F20034A505 /* Project object */ = {
			isa = PBXProject;
			attributes = {
				LastSwiftUpdateCheck = 1320;
				LastUpgradeCheck = 1320;
				TargetAttributes = {
					003B1FF5277990F20034A505 = {
						CreatedOnToolsVersion = 13.2.1;
						LastSwiftMigration = 1320;
					};
				};
			};
			buildConfigurationList = 003B1FF1277990F20034A505 /* Build configuration list for PBXProject "sowhat" */;
			compatibilityVersion = "Xcode 9.3";
			developmentRegion = en;
			hasScannedForEncodings = 0;
			knownRegions = (
				en,
				Base,
			);
			mainGroup = 003B1FED277990F20034A505;
			productRefGroup = 003B1FF7277990F20034A505 /* Products */;
			projectDirPath = "";
			projectRoot = "";
			targets = (
				003B1FF5277990F20034A505 /* sowhat */,
			);
		};
/* End PBXProject section */

/* Begin PBXResourcesBuildPhase section */
		003B1FF4277990F20034A505 /* Resources */ = {
			isa = PBXResourcesBuildPhase;
			buildActionMask = 2147483647;
			files = (
				003B2009277990F40034A505 /* LaunchScreen.storyboard in Resources */,
				003B2006277990F40034A505 /* Assets.xcassets in Resources */,
				003B2001277990F20034A505 /* Main.storyboard in Resources */,
				003B201327799B6B0034A505 /* GoogleService-Info.plist in Resources */,
				008B40C0278EE39000539942 /* OTPUIView.xib in Resources */,
			);
			runOnlyForDeploymentPostprocessing = 0;
		};
/* End PBXResourcesBuildPhase section */

/* Begin PBXShellScriptBuildPhase section */
		5DCA94D2727D1CF4F8132C94 /* [CP] Check Pods Manifest.lock */ = {
			isa = PBXShellScriptBuildPhase;
			buildActionMask = 2147483647;
			files = (
			);
			inputFileListPaths = (
			);
			inputPaths = (
				"${PODS_PODFILE_DIR_PATH}/Podfile.lock",
				"${PODS_ROOT}/Manifest.lock",
			);
			name = "[CP] Check Pods Manifest.lock";
			outputFileListPaths = (
			);
			outputPaths = (
				"$(DERIVED_FILE_DIR)/Pods-sowhat-checkManifestLockResult.txt",
			);
			runOnlyForDeploymentPostprocessing = 0;
			shellPath = /bin/sh;
			shellScript = "diff \"${PODS_PODFILE_DIR_PATH}/Podfile.lock\" \"${PODS_ROOT}/Manifest.lock\" > /dev/null\nif [ $? != 0 ] ; then\n    # print error to STDERR\n    echo \"error: The sandbox is not in sync with the Podfile.lock. Run 'pod install' or update your CocoaPods installation.\" >&2\n    exit 1\nfi\n# This output is used by Xcode 'outputs' to avoid re-running this script phase.\necho \"SUCCESS\" > \"${SCRIPT_OUTPUT_FILE_0}\"\n";
			showEnvVarsInLog = 0;
		};
		B039CB96CC7E151724D913C9 /* [CP] Embed Pods Frameworks */ = {
			isa = PBXShellScriptBuildPhase;
			buildActionMask = 2147483647;
			files = (
			);
			inputFileListPaths = (
				"${PODS_ROOT}/Target Support Files/Pods-sowhat/Pods-sowhat-frameworks-${CONFIGURATION}-input-files.xcfilelist",
			);
			name = "[CP] Embed Pods Frameworks";
			outputFileListPaths = (
				"${PODS_ROOT}/Target Support Files/Pods-sowhat/Pods-sowhat-frameworks-${CONFIGURATION}-output-files.xcfilelist",
			);
			runOnlyForDeploymentPostprocessing = 0;
			shellPath = /bin/sh;
			shellScript = "\"${PODS_ROOT}/Target Support Files/Pods-sowhat/Pods-sowhat-frameworks.sh\"\n";
			showEnvVarsInLog = 0;
		};
/* End PBXShellScriptBuildPhase section */

/* Begin PBXSourcesBuildPhase section */
		003B1FF2277990F20034A505 /* Sources */ = {
			isa = PBXSourcesBuildPhase;
			buildActionMask = 2147483647;
			files = (
				006D3DA827B673D4002F2747 /* MessageKitDefaults.swift in Sources */,
				0059748F27A114FF007C81D9 /* RecentChat.swift in Sources */,
				63AD4BF627B820F200EC88A6 /* FirebaseMessageListner.swift in Sources */,
				00D7D458278D698B00910597 /* UIViewController+Extension.swift in Sources */,
				006C3BD9277C3D000035E20F /* FCollectionRefrence.swift in Sources */,
				0011B68E279BCD370001E833 /* UserTableViewCell.swift in Sources */,
				006D3DAD27B68BD2002F2747 /* LocalMessage.swift in Sources */,
				008B40BE278EE35B00539942 /* OTPUIView.swift in Sources */,
				63AD4BF227B7F45F00EC88A6 /* InputBarAccessaryViewDelegate.swift in Sources */,
				006D3DAA27B67EF5002F2747 /* MKMessage.swift in Sources */,
				0059749A27A402F0007C81D9 /* FirebaseRecentListner.swift in Sources */,
				007533F1277B3A4F00873ADE /* Constants.swift in Sources */,
				007533EF277B372D00873ADE /* User.swift in Sources */,
				0030494027B113E3006070D4 /* ChatsTableViewController.swift in Sources */,
				0011B693279C5BA90001E833 /* ProfileTableViewController.swift in Sources */,
				63AD4BFA27B94C4B00EC88A6 /* FirebaseTypingListener.swift in Sources */,
				00EEB4B027BA58CF00D6C58C /* PhotoMessage.swift in Sources */,
				0059749627A138D5007C81D9 /* RecentTableViewCell.swift in Sources */,
				00D7D453278C243500910597 /* AppleSignInViewController.swift in Sources */,
				00D7D450278C13FC00910597 /* UIView+Extension.swift in Sources */,
				0011B686279AE55E0001E833 /* Extensions.swift in Sources */,
				006C3BDB277C45080035E20F /* FirebaseUserListner.swift in Sources */,
				0059749827A3C8A9007C81D9 /* StartChat.swift in Sources */,
				63AD4BF827B834DB00EC88A6 /* IncomingMessage.swift in Sources */,
				0011B68B279B49B00001E833 /* StatusTableViewController.swift in Sources */,
				0011B684279ACA330001E833 /* GlobalFunctions.swift in Sources */,
				003B1FFE277990F20034A505 /* LoginViewController.swift in Sources */,
				006D3D9C27B64FED002F2747 /* MessageDataSource.swift in Sources */,
				006D3DA027B6503B002F2747 /* MessageCellDelegate.swift in Sources */,
				0011B688279B43090001E833 /* Status.swift in Sources */,
				63AD4BF027B7ED0000EC88A6 /* RealmManager.swift in Sources */,
				634BCA4D27BACF0B00CE14B7 /* VideoMessage.swift in Sources */,
				0011B690279BCD500001E833 /* UsersTableViewController.swift in Sources */,
				00B30EF027903CD900CCDBA3 /* UITextField+Extension.swift in Sources */,
				00804F0B27841F0E004BDE6D /* EventViewController.swift in Sources */,
				0011B682279AA45C0001E833 /* FileStorage.swift in Sources */,
				00CBF33E279946F1004B6564 /* SettingsTableViewController.swift in Sources */,
				003B1FFA277990F20034A505 /* AppDelegate.swift in Sources */,
				63AD4BF427B7F92700EC88A6 /* OutgoingMessage.swift in Sources */,
				006D3DA227B65051002F2747 /* MessageLayoutDelegate.swift in Sources */,
				006D3DA427B65071002F2747 /* MessageDisplayDelegate.swift in Sources */,
				00CBF34127998C40004B6564 /* EditProfileTableViewController.swift in Sources */,
				00D7D456278C337300910597 /* HelperFunctions.swift in Sources */,
				00C0D54727B5197A009ED7FB /* ChatViewController.swift in Sources */,
				003B1FFC277990F20034A505 /* SceneDelegate.swift in Sources */,
			);
			runOnlyForDeploymentPostprocessing = 0;
		};
/* End PBXSourcesBuildPhase section */

/* Begin PBXVariantGroup section */
		003B1FFF277990F20034A505 /* Main.storyboard */ = {
			isa = PBXVariantGroup;
			children = (
				003B2000277990F20034A505 /* Base */,
			);
			name = Main.storyboard;
			sourceTree = "<group>";
		};
		003B2007277990F40034A505 /* LaunchScreen.storyboard */ = {
			isa = PBXVariantGroup;
			children = (
				003B2008277990F40034A505 /* Base */,
			);
			name = LaunchScreen.storyboard;
			sourceTree = "<group>";
		};
/* End PBXVariantGroup section */

/* Begin XCBuildConfiguration section */
		003B200B277990F40034A505 /* Debug */ = {
			isa = XCBuildConfiguration;
			buildSettings = {
				ALWAYS_SEARCH_USER_PATHS = NO;
				CLANG_ANALYZER_NONNULL = YES;
				CLANG_ANALYZER_NUMBER_OBJECT_CONVERSION = YES_AGGRESSIVE;
				CLANG_CXX_LANGUAGE_STANDARD = "gnu++17";
				CLANG_CXX_LIBRARY = "libc++";
				CLANG_ENABLE_MODULES = YES;
				CLANG_ENABLE_OBJC_ARC = YES;
				CLANG_ENABLE_OBJC_WEAK = YES;
				CLANG_WARN_BLOCK_CAPTURE_AUTORELEASING = YES;
				CLANG_WARN_BOOL_CONVERSION = YES;
				CLANG_WARN_COMMA = YES;
				CLANG_WARN_CONSTANT_CONVERSION = YES;
				CLANG_WARN_DEPRECATED_OBJC_IMPLEMENTATIONS = YES;
				CLANG_WARN_DIRECT_OBJC_ISA_USAGE = YES_ERROR;
				CLANG_WARN_DOCUMENTATION_COMMENTS = YES;
				CLANG_WARN_EMPTY_BODY = YES;
				CLANG_WARN_ENUM_CONVERSION = YES;
				CLANG_WARN_INFINITE_RECURSION = YES;
				CLANG_WARN_INT_CONVERSION = YES;
				CLANG_WARN_NON_LITERAL_NULL_CONVERSION = YES;
				CLANG_WARN_OBJC_IMPLICIT_RETAIN_SELF = YES;
				CLANG_WARN_OBJC_LITERAL_CONVERSION = YES;
				CLANG_WARN_OBJC_ROOT_CLASS = YES_ERROR;
				CLANG_WARN_QUOTED_INCLUDE_IN_FRAMEWORK_HEADER = YES;
				CLANG_WARN_RANGE_LOOP_ANALYSIS = YES;
				CLANG_WARN_STRICT_PROTOTYPES = YES;
				CLANG_WARN_SUSPICIOUS_MOVE = YES;
				CLANG_WARN_UNGUARDED_AVAILABILITY = YES_AGGRESSIVE;
				CLANG_WARN_UNREACHABLE_CODE = YES;
				CLANG_WARN__DUPLICATE_METHOD_MATCH = YES;
				COPY_PHASE_STRIP = NO;
				DEBUG_INFORMATION_FORMAT = dwarf;
				ENABLE_STRICT_OBJC_MSGSEND = YES;
				ENABLE_TESTABILITY = YES;
				GCC_C_LANGUAGE_STANDARD = gnu11;
				GCC_DYNAMIC_NO_PIC = NO;
				GCC_NO_COMMON_BLOCKS = YES;
				GCC_OPTIMIZATION_LEVEL = 0;
				GCC_PREPROCESSOR_DEFINITIONS = (
					"DEBUG=1",
					"$(inherited)",
				);
				GCC_WARN_64_TO_32_BIT_CONVERSION = YES;
				GCC_WARN_ABOUT_RETURN_TYPE = YES_ERROR;
				GCC_WARN_UNDECLARED_SELECTOR = YES;
				GCC_WARN_UNINITIALIZED_AUTOS = YES_AGGRESSIVE;
				GCC_WARN_UNUSED_FUNCTION = YES;
				GCC_WARN_UNUSED_VARIABLE = YES;
				IPHONEOS_DEPLOYMENT_TARGET = 15.2;
				MTL_ENABLE_DEBUG_INFO = INCLUDE_SOURCE;
				MTL_FAST_MATH = YES;
				ONLY_ACTIVE_ARCH = YES;
				SDKROOT = iphoneos;
				SWIFT_ACTIVE_COMPILATION_CONDITIONS = DEBUG;
				SWIFT_OPTIMIZATION_LEVEL = "-Onone";
			};
			name = Debug;
		};
		003B200C277990F40034A505 /* Release */ = {
			isa = XCBuildConfiguration;
			buildSettings = {
				ALWAYS_SEARCH_USER_PATHS = NO;
				CLANG_ANALYZER_NONNULL = YES;
				CLANG_ANALYZER_NUMBER_OBJECT_CONVERSION = YES_AGGRESSIVE;
				CLANG_CXX_LANGUAGE_STANDARD = "gnu++17";
				CLANG_CXX_LIBRARY = "libc++";
				CLANG_ENABLE_MODULES = YES;
				CLANG_ENABLE_OBJC_ARC = YES;
				CLANG_ENABLE_OBJC_WEAK = YES;
				CLANG_WARN_BLOCK_CAPTURE_AUTORELEASING = YES;
				CLANG_WARN_BOOL_CONVERSION = YES;
				CLANG_WARN_COMMA = YES;
				CLANG_WARN_CONSTANT_CONVERSION = YES;
				CLANG_WARN_DEPRECATED_OBJC_IMPLEMENTATIONS = YES;
				CLANG_WARN_DIRECT_OBJC_ISA_USAGE = YES_ERROR;
				CLANG_WARN_DOCUMENTATION_COMMENTS = YES;
				CLANG_WARN_EMPTY_BODY = YES;
				CLANG_WARN_ENUM_CONVERSION = YES;
				CLANG_WARN_INFINITE_RECURSION = YES;
				CLANG_WARN_INT_CONVERSION = YES;
				CLANG_WARN_NON_LITERAL_NULL_CONVERSION = YES;
				CLANG_WARN_OBJC_IMPLICIT_RETAIN_SELF = YES;
				CLANG_WARN_OBJC_LITERAL_CONVERSION = YES;
				CLANG_WARN_OBJC_ROOT_CLASS = YES_ERROR;
				CLANG_WARN_QUOTED_INCLUDE_IN_FRAMEWORK_HEADER = YES;
				CLANG_WARN_RANGE_LOOP_ANALYSIS = YES;
				CLANG_WARN_STRICT_PROTOTYPES = YES;
				CLANG_WARN_SUSPICIOUS_MOVE = YES;
				CLANG_WARN_UNGUARDED_AVAILABILITY = YES_AGGRESSIVE;
				CLANG_WARN_UNREACHABLE_CODE = YES;
				CLANG_WARN__DUPLICATE_METHOD_MATCH = YES;
				COPY_PHASE_STRIP = NO;
				DEBUG_INFORMATION_FORMAT = "dwarf-with-dsym";
				ENABLE_NS_ASSERTIONS = NO;
				ENABLE_STRICT_OBJC_MSGSEND = YES;
				GCC_C_LANGUAGE_STANDARD = gnu11;
				GCC_NO_COMMON_BLOCKS = YES;
				GCC_WARN_64_TO_32_BIT_CONVERSION = YES;
				GCC_WARN_ABOUT_RETURN_TYPE = YES_ERROR;
				GCC_WARN_UNDECLARED_SELECTOR = YES;
				GCC_WARN_UNINITIALIZED_AUTOS = YES_AGGRESSIVE;
				GCC_WARN_UNUSED_FUNCTION = YES;
				GCC_WARN_UNUSED_VARIABLE = YES;
				IPHONEOS_DEPLOYMENT_TARGET = 15.2;
				MTL_ENABLE_DEBUG_INFO = NO;
				MTL_FAST_MATH = YES;
				SDKROOT = iphoneos;
				SWIFT_COMPILATION_MODE = wholemodule;
				SWIFT_OPTIMIZATION_LEVEL = "-O";
				VALIDATE_PRODUCT = YES;
			};
			name = Release;
		};
		003B200E277990F40034A505 /* Debug */ = {
			isa = XCBuildConfiguration;
			baseConfigurationReference = 8B4D429182F65E36A8484B32 /* Pods-sowhat.debug.xcconfig */;
			buildSettings = {
				ASSETCATALOG_COMPILER_APPICON_NAME = AppIcon;
				ASSETCATALOG_COMPILER_GLOBAL_ACCENT_COLOR_NAME = AccentColor;
				CLANG_ENABLE_MODULES = YES;
				CODE_SIGN_STYLE = Automatic;
				CURRENT_PROJECT_VERSION = 1;
				DEVELOPMENT_TEAM = QTGH624RDY;
				GENERATE_INFOPLIST_FILE = YES;
				INFOPLIST_FILE = sowhat/Info.plist;
				INFOPLIST_KEY_NSAppleMusicUsageDescription = "sowhat would like to use your media library";
				INFOPLIST_KEY_NSCameraUsageDescription = "sowhat would like to use your camera";
				INFOPLIST_KEY_NSPhotoLibraryAddUsageDescription = "sowhat would like to use your photo library";
				INFOPLIST_KEY_NSPhotoLibraryUsageDescription = "sowhat would like to access your photos";
				INFOPLIST_KEY_UIApplicationSupportsIndirectInputEvents = YES;
				INFOPLIST_KEY_UILaunchStoryboardName = LaunchScreen;
				INFOPLIST_KEY_UIMainStoryboardFile = Main;
				INFOPLIST_KEY_UISupportedInterfaceOrientations_iPad = "UIInterfaceOrientationPortrait UIInterfaceOrientationPortraitUpsideDown UIInterfaceOrientationLandscapeLeft UIInterfaceOrientationLandscapeRight";
				INFOPLIST_KEY_UISupportedInterfaceOrientations_iPhone = "UIInterfaceOrientationPortrait UIInterfaceOrientationLandscapeLeft UIInterfaceOrientationLandscapeRight";
				INFOPLIST_KEY_UIUserInterfaceStyle = Light;
				IPHONEOS_DEPLOYMENT_TARGET = 11.0;
				LD_RUNPATH_SEARCH_PATHS = (
					"$(inherited)",
					"@executable_path/Frameworks",
				);
				MARKETING_VERSION = 1.0;
				PRODUCT_BUNDLE_IDENTIFIER = com.sowhat;
				PRODUCT_NAME = "$(TARGET_NAME)";
				SWIFT_EMIT_LOC_STRINGS = YES;
				SWIFT_OBJC_BRIDGING_HEADER = "sowhat/Objective-C/sowhat-Bridging-Header.h";
				SWIFT_OPTIMIZATION_LEVEL = "-Onone";
				SWIFT_VERSION = 5.0;
				TARGETED_DEVICE_FAMILY = "1,2";
			};
			name = Debug;
		};
		003B200F277990F40034A505 /* Release */ = {
			isa = XCBuildConfiguration;
			baseConfigurationReference = 581DDE996AABCF086B42673E /* Pods-sowhat.release.xcconfig */;
			buildSettings = {
				ASSETCATALOG_COMPILER_APPICON_NAME = AppIcon;
				ASSETCATALOG_COMPILER_GLOBAL_ACCENT_COLOR_NAME = AccentColor;
				CLANG_ENABLE_MODULES = YES;
				CODE_SIGN_STYLE = Automatic;
				CURRENT_PROJECT_VERSION = 1;
				DEVELOPMENT_TEAM = QTGH624RDY;
				GENERATE_INFOPLIST_FILE = YES;
				INFOPLIST_FILE = sowhat/Info.plist;
				INFOPLIST_KEY_NSAppleMusicUsageDescription = "sowhat would like to use your media library";
				INFOPLIST_KEY_NSCameraUsageDescription = "sowhat would like to use your camera";
				INFOPLIST_KEY_NSPhotoLibraryAddUsageDescription = "sowhat would like to use your photo library";
				INFOPLIST_KEY_NSPhotoLibraryUsageDescription = "sowhat would like to access your photos";
				INFOPLIST_KEY_UIApplicationSupportsIndirectInputEvents = YES;
				INFOPLIST_KEY_UILaunchStoryboardName = LaunchScreen;
				INFOPLIST_KEY_UIMainStoryboardFile = Main;
				INFOPLIST_KEY_UISupportedInterfaceOrientations_iPad = "UIInterfaceOrientationPortrait UIInterfaceOrientationPortraitUpsideDown UIInterfaceOrientationLandscapeLeft UIInterfaceOrientationLandscapeRight";
				INFOPLIST_KEY_UISupportedInterfaceOrientations_iPhone = "UIInterfaceOrientationPortrait UIInterfaceOrientationLandscapeLeft UIInterfaceOrientationLandscapeRight";
				INFOPLIST_KEY_UIUserInterfaceStyle = Light;
				IPHONEOS_DEPLOYMENT_TARGET = 11.0;
				LD_RUNPATH_SEARCH_PATHS = (
					"$(inherited)",
					"@executable_path/Frameworks",
				);
				MARKETING_VERSION = 1.0;
				PRODUCT_BUNDLE_IDENTIFIER = com.sowhat;
				PRODUCT_NAME = "$(TARGET_NAME)";
				SWIFT_EMIT_LOC_STRINGS = YES;
				SWIFT_OBJC_BRIDGING_HEADER = "sowhat/Objective-C/sowhat-Bridging-Header.h";
				SWIFT_VERSION = 5.0;
				TARGETED_DEVICE_FAMILY = "1,2";
			};
			name = Release;
		};
/* End XCBuildConfiguration section */

/* Begin XCConfigurationList section */
		003B1FF1277990F20034A505 /* Build configuration list for PBXProject "sowhat" */ = {
			isa = XCConfigurationList;
			buildConfigurations = (
				003B200B277990F40034A505 /* Debug */,
				003B200C277990F40034A505 /* Release */,
			);
			defaultConfigurationIsVisible = 0;
			defaultConfigurationName = Release;
		};
		003B200D277990F40034A505 /* Build configuration list for PBXNativeTarget "sowhat" */ = {
			isa = XCConfigurationList;
			buildConfigurations = (
				003B200E277990F40034A505 /* Debug */,
				003B200F277990F40034A505 /* Release */,
			);
			defaultConfigurationIsVisible = 0;
			defaultConfigurationName = Release;
		};
/* End XCConfigurationList section */
	};
	rootObject = 003B1FEE277990F20034A505 /* Project object */;
}
